// !$*UTF8*$!
{
	archiveVersion = 1;
	classes = {
	};
	objectVersion = 50;
	objects = {

/* Begin PBXBuildFile section */
		3621761E2433B2B000146EBD /* AppDelegate.swift in Sources */ = {isa = PBXBuildFile; fileRef = 3621761D2433B2B000146EBD /* AppDelegate.swift */; };
		362176202433B2B000146EBD /* SceneDelegate.swift in Sources */ = {isa = PBXBuildFile; fileRef = 3621761F2433B2B000146EBD /* SceneDelegate.swift */; };
		362176282433B2B000146EBD /* Xylophone_App.xcdatamodeld in Sources */ = {isa = PBXBuildFile; fileRef = 362176262433B2B000146EBD /* Xylophone_App.xcdatamodeld */; };
		3621762D2433B2B100146EBD /* LaunchScreen.storyboard in Resources */ = {isa = PBXBuildFile; fileRef = 3621762B2433B2B100146EBD /* LaunchScreen.storyboard */; };
		3621763C2433B33100146EBD /* A.wav in Resources */ = {isa = PBXBuildFile; fileRef = 362176352433B33100146EBD /* A.wav */; };
		3621763D2433B33100146EBD /* C.wav in Resources */ = {isa = PBXBuildFile; fileRef = 362176362433B33100146EBD /* C.wav */; };
		3621763E2433B33100146EBD /* B.wav in Resources */ = {isa = PBXBuildFile; fileRef = 362176372433B33100146EBD /* B.wav */; };
		3621763F2433B33100146EBD /* F.wav in Resources */ = {isa = PBXBuildFile; fileRef = 362176382433B33100146EBD /* F.wav */; };
		362176402433B33100146EBD /* G.wav in Resources */ = {isa = PBXBuildFile; fileRef = 362176392433B33100146EBD /* G.wav */; };
		362176412433B33100146EBD /* E.wav in Resources */ = {isa = PBXBuildFile; fileRef = 3621763A2433B33100146EBD /* E.wav */; };
		362176422433B33100146EBD /* D.wav in Resources */ = {isa = PBXBuildFile; fileRef = 3621763B2433B33100146EBD /* D.wav */; };
		362176442433B34500146EBD /* Main.storyboard in Resources */ = {isa = PBXBuildFile; fileRef = 362176432433B34500146EBD /* Main.storyboard */; };
		362176462433B35400146EBD /* ViewController.swift in Sources */ = {isa = PBXBuildFile; fileRef = 362176452433B35400146EBD /* ViewController.swift */; };
		362176482433B36500146EBD /* Assets.xcassets in Resources */ = {isa = PBXBuildFile; fileRef = 362176472433B36500146EBD /* Assets.xcassets */; };
/* End PBXBuildFile section */

/* Begin PBXFileReference section */
		3621761A2433B2B000146EBD /* Xylophone App.app */ = {isa = PBXFileReference; explicitFileType = wrapper.application; includeInIndex = 0; path = "Xylophone App.app"; sourceTree = BUILT_PRODUCTS_DIR; };
		3621761D2433B2B000146EBD /* AppDelegate.swift */ = {isa = PBXFileReference; lastKnownFileType = sourcecode.swift; path = AppDelegate.swift; sourceTree = "<group>"; };
		3621761F2433B2B000146EBD /* SceneDelegate.swift */ = {isa = PBXFileReference; lastKnownFileType = sourcecode.swift; path = SceneDelegate.swift; sourceTree = "<group>"; };
		362176272433B2B000146EBD /* Xylophone_App.xcdatamodel */ = {isa = PBXFileReference; lastKnownFileType = wrapper.xcdatamodel; path = Xylophone_App.xcdatamodel; sourceTree = "<group>"; };
		3621762C2433B2B100146EBD /* Base */ = {isa = PBXFileReference; lastKnownFileType = file.storyboard; name = Base; path = Base.lproj/LaunchScreen.storyboard; sourceTree = "<group>"; };
		3621762E2433B2B100146EBD /* Info.plist */ = {isa = PBXFileReference; lastKnownFileType = text.plist.xml; path = Info.plist; sourceTree = "<group>"; };
		362176352433B33100146EBD /* A.wav */ = {isa = PBXFileReference; lastKnownFileType = audio.wav; path = A.wav; sourceTree = "<group>"; };
		362176362433B33100146EBD /* C.wav */ = {isa = PBXFileReference; lastKnownFileType = audio.wav; path = C.wav; sourceTree = "<group>"; };
		362176372433B33100146EBD /* B.wav */ = {isa = PBXFileReference; lastKnownFileType = audio.wav; path = B.wav; sourceTree = "<group>"; };
		362176382433B33100146EBD /* F.wav */ = {isa = PBXFileReference; lastKnownFileType = audio.wav; path = F.wav; sourceTree = "<group>"; };
		362176392433B33100146EBD /* G.wav */ = {isa = PBXFileReference; lastKnownFileType = audio.wav; path = G.wav; sourceTree = "<group>"; };
		3621763A2433B33100146EBD /* E.wav */ = {isa = PBXFileReference; lastKnownFileType = audio.wav; path = E.wav; sourceTree = "<group>"; };
		3621763B2433B33100146EBD /* D.wav */ = {isa = PBXFileReference; lastKnownFileType = audio.wav; path = D.wav; sourceTree = "<group>"; };
		362176432433B34500146EBD /* Main.storyboard */ = {isa = PBXFileReference; fileEncoding = 4; lastKnownFileType = file.storyboard; path = Main.storyboard; sourceTree = "<group>"; };
		362176452433B35400146EBD /* ViewController.swift */ = {isa = PBXFileReference; fileEncoding = 4; lastKnownFileType = sourcecode.swift; path = ViewController.swift; sourceTree = "<group>"; };
		362176472433B36500146EBD /* Assets.xcassets */ = {isa = PBXFileReference; lastKnownFileType = folder.assetcatalog; path = Assets.xcassets; sourceTree = "<group>"; };
/* End PBXFileReference section */

/* Begin PBXFrameworksBuildPhase section */
		362176172433B2B000146EBD /* Frameworks */ = {
			isa = PBXFrameworksBuildPhase;
			buildActionMask = 2147483647;
			files = (
			);
			runOnlyForDeploymentPostprocessing = 0;
		};
/* End PBXFrameworksBuildPhase section */

/* Begin PBXGroup section */
		362176112433B2B000146EBD = {
			isa = PBXGroup;
			children = (
				3621761C2433B2B000146EBD /* Xylophone App */,
				3621761B2433B2B000146EBD /* Products */,
			);
			sourceTree = "<group>";
		};
		3621761B2433B2B000146EBD /* Products */ = {
			isa = PBXGroup;
			children = (
				3621761A2433B2B000146EBD /* Xylophone App.app */,
			);
			name = Products;
			sourceTree = "<group>";
		};
		3621761C2433B2B000146EBD /* Xylophone App */ = {
			isa = PBXGroup;
			children = (
				3621761D2433B2B000146EBD /* AppDelegate.swift */,
				3621761F2433B2B000146EBD /* SceneDelegate.swift */,
				362176452433B35400146EBD /* ViewController.swift */,
				362176432433B34500146EBD /* Main.storyboard */,
				3621762B2433B2B100146EBD /* LaunchScreen.storyboard */,
				362176472433B36500146EBD /* Assets.xcassets */,
				3621762E2433B2B100146EBD /* Info.plist */,
				362176262433B2B000146EBD /* Xylophone_App.xcdatamodeld */,
				362176342433B33100146EBD /* Sounds */,
			);
			path = "Xylophone App";
			sourceTree = "<group>";
		};
		362176342433B33100146EBD /* Sounds */ = {
			isa = PBXGroup;
			children = (
				362176352433B33100146EBD /* A.wav */,
				362176362433B33100146EBD /* C.wav */,
				362176372433B33100146EBD /* B.wav */,
				362176382433B33100146EBD /* F.wav */,
				362176392433B33100146EBD /* G.wav */,
				3621763A2433B33100146EBD /* E.wav */,
				3621763B2433B33100146EBD /* D.wav */,
			);
			path = Sounds;
			sourceTree = "<group>";
		};
/* End PBXGroup section */

/* Begin PBXNativeTarget section */
		362176192433B2B000146EBD /* Xylophone App */ = {
			isa = PBXNativeTarget;
			buildConfigurationList = 362176312433B2B100146EBD /* Build configuration list for PBXNativeTarget "Xylophone App" */;
			buildPhases = (
				362176162433B2B000146EBD /* Sources */,
				362176172433B2B000146EBD /* Frameworks */,
				362176182433B2B000146EBD /* Resources */,
			);
			buildRules = (
			);
			dependencies = (
			);
			name = "Xylophone App";
			productName = "Xylophone App";
			productReference = 3621761A2433B2B000146EBD /* Xylophone App.app */;
			productType = "com.apple.product-type.application";
		};
/* End PBXNativeTarget section */

/* Begin PBXProject section */
		362176122433B2B000146EBD /* Project object */ = {
			isa = PBXProject;
			attributes = {
				LastSwiftUpdateCheck = 1130;
				LastUpgradeCheck = 1130;
				ORGANIZATIONNAME = "Robert Harrison";
				TargetAttributes = {
					362176192433B2B000146EBD = {
						CreatedOnToolsVersion = 11.3.1;
					};
				};
			};
			buildConfigurationList = 362176152433B2B000146EBD /* Build configuration list for PBXProject "Xylophone App" */;
			compatibilityVersion = "Xcode 9.3";
			developmentRegion = en;
			hasScannedForEncodings = 0;
			knownRegions = (
				en,
				Base,
			);
			mainGroup = 362176112433B2B000146EBD;
			productRefGroup = 3621761B2433B2B000146EBD /* Products */;
			projectDirPath = "";
			projectRoot = "";
			targets = (
				362176192433B2B000146EBD /* Xylophone App */,
			);
		};
/* End PBXProject section */

/* Begin PBXResourcesBuildPhase section */
		362176182433B2B000146EBD /* Resources */ = {
			isa = PBXResourcesBuildPhase;
			buildActionMask = 2147483647;
			files = (
				362176402433B33100146EBD /* G.wav in Resources */,
				362176442433B34500146EBD /* Main.storyboard in Resources */,
				3621762D2433B2B100146EBD /* LaunchScreen.storyboard in Resources */,
				3621763F2433B33100146EBD /* F.wav in Resources */,
				362176482433B36500146EBD /* Assets.xcassets in Resources */,
				3621763C2433B33100146EBD /* A.wav in Resources */,
				3621763E2433B33100146EBD /* B.wav in Resources */,
				362176412433B33100146EBD /* E.wav in Resources */,
				362176422433B33100146EBD /* D.wav in Resources */,
				3621763D2433B33100146EBD /* C.wav in Resources */,
			);
			runOnlyForDeploymentPostprocessing = 0;
		};
/* End PBXResourcesBuildPhase section */

/* Begin PBXSourcesBuildPhase section */
		362176162433B2B000146EBD /* Sources */ = {
			isa = PBXSourcesBuildPhase;
			buildActionMask = 2147483647;
			files = (
				362176282433B2B000146EBD /* Xylophone_App.xcdatamodeld in Sources */,
				3621761E2433B2B000146EBD /* AppDelegate.swift in Sources */,
				362176462433B35400146EBD /* ViewController.swift in Sources */,
				362176202433B2B000146EBD /* SceneDelegate.swift in Sources */,
			);
			runOnlyForDeploymentPostprocessing = 0;
		};
/* End PBXSourcesBuildPhase section */

/* Begin PBXVariantGroup section */
		3621762B2433B2B100146EBD /* LaunchScreen.storyboard */ = {
			isa = PBXVariantGroup;
			children = (
				3621762C2433B2B100146EBD /* Base */,
			);
			name = LaunchScreen.storyboard;
			sourceTree = "<group>";
		};
/* End PBXVariantGroup section */

/* Begin XCBuildConfiguration section */
		3621762F2433B2B100146EBD /* Debug */ = {
			isa = XCBuildConfiguration;
			buildSettings = {
				ALWAYS_SEARCH_USER_PATHS = NO;
				CLANG_ANALYZER_NONNULL = YES;
				CLANG_ANALYZER_NUMBER_OBJECT_CONVERSION = YES_AGGRESSIVE;
				CLANG_CXX_LANGUAGE_STANDARD = "gnu++14";
				CLANG_CXX_LIBRARY = "libc++";
				CLANG_ENABLE_MODULES = YES;
				CLANG_ENABLE_OBJC_ARC = YES;
				CLANG_ENABLE_OBJC_WEAK = YES;
				CLANG_WARN_BLOCK_CAPTURE_AUTORELEASING = YES;
				CLANG_WARN_BOOL_CONVERSION = YES;
				CLANG_WARN_COMMA = YES;
				CLANG_WARN_CONSTANT_CONVERSION = YES;
				CLANG_WARN_DEPRECATED_OBJC_IMPLEMENTATIONS = YES;
				CLANG_WARN_DIRECT_OBJC_ISA_USAGE = YES_ERROR;
				CLANG_WARN_DOCUMENTATION_COMMENTS = YES;
				CLANG_WARN_EMPTY_BODY = YES;
				CLANG_WARN_ENUM_CONVERSION = YES;
				CLANG_WARN_INFINITE_RECURSION = YES;
				CLANG_WARN_INT_CONVERSION = YES;
				CLANG_WARN_NON_LITERAL_NULL_CONVERSION = YES;
				CLANG_WARN_OBJC_IMPLICIT_RETAIN_SELF = YES;
				CLANG_WARN_OBJC_LITERAL_CONVERSION = YES;
				CLANG_WARN_OBJC_ROOT_CLASS = YES_ERROR;
				CLANG_WARN_RANGE_LOOP_ANALYSIS = YES;
				CLANG_WARN_STRICT_PROTOTYPES = YES;
				CLANG_WARN_SUSPICIOUS_MOVE = YES;
				CLANG_WARN_UNGUARDED_AVAILABILITY = YES_AGGRESSIVE;
				CLANG_WARN_UNREACHABLE_CODE = YES;
				CLANG_WARN__DUPLICATE_METHOD_MATCH = YES;
				COPY_PHASE_STRIP = NO;
				DEBUG_INFORMATION_FORMAT = dwarf;
				ENABLE_STRICT_OBJC_MSGSEND = YES;
				ENABLE_TESTABILITY = YES;
				GCC_C_LANGUAGE_STANDARD = gnu11;
				GCC_DYNAMIC_NO_PIC = NO;
				GCC_NO_COMMON_BLOCKS = YES;
				GCC_OPTIMIZATION_LEVEL = 0;
				GCC_PREPROCESSOR_DEFINITIONS = (
					"DEBUG=1",
					"$(inherited)",
				);
				GCC_WARN_64_TO_32_BIT_CONVERSION = YES;
				GCC_WARN_ABOUT_RETURN_TYPE = YES_ERROR;
				GCC_WARN_UNDECLARED_SELECTOR = YES;
				GCC_WARN_UNINITIALIZED_AUTOS = YES_AGGRESSIVE;
				GCC_WARN_UNUSED_FUNCTION = YES;
				GCC_WARN_UNUSED_VARIABLE = YES;
				IPHONEOS_DEPLOYMENT_TARGET = 13.2;
				MTL_ENABLE_DEBUG_INFO = INCLUDE_SOURCE;
				MTL_FAST_MATH = YES;
				ONLY_ACTIVE_ARCH = YES;
				SDKROOT = iphoneos;
				SWIFT_ACTIVE_COMPILATION_CONDITIONS = DEBUG;
				SWIFT_OPTIMIZATION_LEVEL = "-Onone";
			};
			name = Debug;
		};
		362176302433B2B100146EBD /* Release */ = {
			isa = XCBuildConfiguration;
			buildSettings = {
				ALWAYS_SEARCH_USER_PATHS = NO;
				CLANG_ANALYZER_NONNULL = YES;
				CLANG_ANALYZER_NUMBER_OBJECT_CONVERSION = YES_AGGRESSIVE;
				CLANG_CXX_LANGUAGE_STANDARD = "gnu++14";
				CLANG_CXX_LIBRARY = "libc++";
				CLANG_ENABLE_MODULES = YES;
				CLANG_ENABLE_OBJC_ARC = YES;
				CLANG_ENABLE_OBJC_WEAK = YES;
				CLANG_WARN_BLOCK_CAPTURE_AUTORELEASING = YES;
				CLANG_WARN_BOOL_CONVERSION = YES;
				CLANG_WARN_COMMA = YES;
				CLANG_WARN_CONSTANT_CONVERSION = YES;
				CLANG_WARN_DEPRECATED_OBJC_IMPLEMENTATIONS = YES;
				CLANG_WARN_DIRECT_OBJC_ISA_USAGE = YES_ERROR;
				CLANG_WARN_DOCUMENTATION_COMMENTS = YES;
				CLANG_WARN_EMPTY_BODY = YES;
				CLANG_WARN_ENUM_CONVERSION = YES;
				CLANG_WARN_INFINITE_RECURSION = YES;
				CLANG_WARN_INT_CONVERSION = YES;
				CLANG_WARN_NON_LITERAL_NULL_CONVERSION = YES;
				CLANG_WARN_OBJC_IMPLICIT_RETAIN_SELF = YES;
				CLANG_WARN_OBJC_LITERAL_CONVERSION = YES;
				CLANG_WARN_OBJC_ROOT_CLASS = YES_ERROR;
				CLANG_WARN_RANGE_LOOP_ANALYSIS = YES;
				CLANG_WARN_STRICT_PROTOTYPES = YES;
				CLANG_WARN_SUSPICIOUS_MOVE = YES;
				CLANG_WARN_UNGUARDED_AVAILABILITY = YES_AGGRESSIVE;
				CLANG_WARN_UNREACHABLE_CODE = YES;
				CLANG_WARN__DUPLICATE_METHOD_MATCH = YES;
				COPY_PHASE_STRIP = NO;
				DEBUG_INFORMATION_FORMAT = "dwarf-with-dsym";
				ENABLE_NS_ASSERTIONS = NO;
				ENABLE_STRICT_OBJC_MSGSEND = YES;
				GCC_C_LANGUAGE_STANDARD = gnu11;
				GCC_NO_COMMON_BLOCKS = YES;
				GCC_WARN_64_TO_32_BIT_CONVERSION = YES;
				GCC_WARN_ABOUT_RETURN_TYPE = YES_ERROR;
				GCC_WARN_UNDECLARED_SELECTOR = YES;
				GCC_WARN_UNINITIALIZED_AUTOS = YES_AGGRESSIVE;
				GCC_WARN_UNUSED_FUNCTION = YES;
				GCC_WARN_UNUSED_VARIABLE = YES;
				IPHONEOS_DEPLOYMENT_TARGET = 13.2;
				MTL_ENABLE_DEBUG_INFO = NO;
				MTL_FAST_MATH = YES;
				SDKROOT = iphoneos;
				SWIFT_COMPILATION_MODE = wholemodule;
				SWIFT_OPTIMIZATION_LEVEL = "-O";
				VALIDATE_PRODUCT = YES;
			};
			name = Release;
		};
		362176322433B2B100146EBD /* Debug */ = {
			isa = XCBuildConfiguration;
			buildSettings = {
				ASSETCATALOG_COMPILER_APPICON_NAME = AppIcon;
				CODE_SIGN_STYLE = Automatic;
				DEVELOPMENT_TEAM = 487824BLHE;
				INFOPLIST_FILE = "Xylophone App/Info.plist";
				LD_RUNPATH_SEARCH_PATHS = (
					"$(inherited)",
					"@executable_path/Frameworks",
				);
				PRODUCT_BUNDLE_IDENTIFIER = "com.sitemapstudios.Xylophone-App";
				PRODUCT_NAME = "$(TARGET_NAME)";
				SWIFT_VERSION = 5.0;
				TARGETED_DEVICE_FAMILY = "1,2";
			};
			name = Debug;
		};
		362176332433B2B100146EBD /* Release */ = {
			isa = XCBuildConfiguration;
			buildSettings = {
				ASSETCATALOG_COMPILER_APPICON_NAME = AppIcon;
				CODE_SIGN_STYLE = Automatic;
				DEVELOPMENT_TEAM = 487824BLHE;
				INFOPLIST_FILE = "Xylophone App/Info.plist";
				LD_RUNPATH_SEARCH_PATHS = (
					"$(inherited)",
					"@executable_path/Frameworks",
				);
				PRODUCT_BUNDLE_IDENTIFIER = "com.sitemapstudios.Xylophone-App";
				PRODUCT_NAME = "$(TARGET_NAME)";
				SWIFT_VERSION = 5.0;
				TARGETED_DEVICE_FAMILY = "1,2";
			};
			name = Release;
		};
/* End XCBuildConfiguration section */

/* Begin XCConfigurationList section */
		362176152433B2B000146EBD /* Build configuration list for PBXProject "Xylophone App" */ = {
			isa = XCConfigurationList;
			buildConfigurations = (
				3621762F2433B2B100146EBD /* Debug */,
				362176302433B2B100146EBD /* Release */,
			);
			defaultConfigurationIsVisible = 0;
			defaultConfigurationName = Release;
		};
		362176312433B2B100146EBD /* Build configuration list for PBXNativeTarget "Xylophone App" */ = {
			isa = XCConfigurationList;
			buildConfigurations = (
				362176322433B2B100146EBD /* Debug */,
				362176332433B2B100146EBD /* Release */,
			);
			defaultConfigurationIsVisible = 0;
			defaultConfigurationName = Release;
		};
/* End XCConfigurationList section */

/* Begin XCVersionGroup section */
		362176262433B2B000146EBD /* Xylophone_App.xcdatamodeld */ = {
			isa = XCVersionGroup;
			children = (
				362176272433B2B000146EBD /* Xylophone_App.xcdatamodel */,
			);
			currentVersion = 362176272433B2B000146EBD /* Xylophone_App.xcdatamodel */;
			path = Xylophone_App.xcdatamodeld;
			sourceTree = "<group>";
			versionGroupType = wrapper.xcdatamodel;
		};
/* End XCVersionGroup section */
	};
	rootObject = 362176122433B2B000146EBD /* Project object */;
}
